
Microsoft Visual Studio Solution File, Format Version 12.00
# Visual Studio Version 17
VisualStudioVersion = 17.5.33516.290
MinimumVisualStudioVersion = 10.0.40219.1
Project("{FAE04EC0-301F-11D3-BF4B-00C04F79EFBC}") = "nutrol_traker", "nutrol_traker.csproj", "{A21D0463-536C-4164-AAE3-CCDF6C4962D1}"
EndProject
Global
	GlobalSection(SolutionConfigurationPlatforms) = preSolution
		Debug|Any CPU = Debug|Any CPU
		Release|Any CPU = Release|Any CPU
	EndGlobalSection
	GlobalSection(ProjectConfigurationPlatforms) = postSolution
		{A21D0463-536C-4164-AAE3-CCDF6C4962D1}.Debug|Any CPU.ActiveCfg = Debug|Any CPU
		{A21D0463-536C-4164-AAE3-CCDF6C4962D1}.Debug|Any CPU.Build.0 = Debug|Any CPU
		{A21D0463-536C-4164-AAE3-CCDF6C4962D1}.Release|Any CPU.ActiveCfg = Release|Any CPU
		{A21D0463-536C-4164-AAE3-CCDF6C4962D1}.Release|Any CPU.Build.0 = Release|Any CPU
	EndGlobalSection
	GlobalSection(SolutionProperties) = preSolution
		HideSolutionNode = FALSE
	EndGlobalSection
	GlobalSection(ExtensibilityGlobals) = postSolution
		SolutionGuid = {2ADC114A-A23F-4869-9497-9A2AFB7D6426}
	EndGlobalSection
EndGlobal
